
Microsoft Visual Studio Solution File, Format Version 12.00
# Visual Studio Version 17
VisualStudioVersion = 17.3.32825.248
MinimumVisualStudioVersion = 10.0.40219.1
Project("{8BC9CEB8-8B4A-11D0-8D11-00A0C91BC942}") = "Intro-cpp_project", "Intro-cpp_project.vcxproj", "{372E3655-561D-4F35-A8E5-484E534F9384}"
EndProject
Global
	GlobalSection(SolutionConfigurationPlatforms) = preSolution
		Debug|x64 = Debug|x64
		Debug|x86 = Debug|x86
		Release|x64 = Release|x64
		Release|x86 = Release|x86
	EndGlobalSection
	GlobalSection(ProjectConfigurationPlatforms) = postSolution
		{372E3655-561D-4F35-A8E5-484E534F9384}.Debug|x64.ActiveCfg = Debug|x64
		{372E3655-561D-4F35-A8E5-484E534F9384}.Debug|x64.Build.0 = Debug|x64
		{372E3655-561D-4F35-A8E5-484E534F9384}.Debug|x86.ActiveCfg = Debug|Win32
		{372E3655-561D-4F35-A8E5-484E534F9384}.Debug|x86.Build.0 = Debug|Win32
		{372E3655-561D-4F35-A8E5-484E534F9384}.Release|x64.ActiveCfg = Release|x64
		{372E3655-561D-4F35-A8E5-484E534F9384}.Release|x64.Build.0 = Release|x64
		{372E3655-561D-4F35-A8E5-484E534F9384}.Release|x86.ActiveCfg = Release|Win32
		{372E3655-561D-4F35-A8E5-484E534F9384}.Release|x86.Build.0 = Release|Win32
	EndGlobalSection
	GlobalSection(SolutionProperties) = preSolution
		HideSolutionNode = FALSE
	EndGlobalSection
	GlobalSection(ExtensibilityGlobals) = postSolution
		SolutionGuid = {D4E30060-EBC1-4D44-97FC-E63311C1F7BE}
	EndGlobalSection
EndGlobal
